forge.capytal.company/loreddev/blogo v0.0.0-20250214135432-71f20192d450 h1:bCCMIs7xzcuMtuYdgAM2yoxry2YOM/l3N0vl8HbIuDI=
forge.capytal.company/loreddev/blogo v0.0.0-20250214135432-71f20192d450/go.mod h1:GVTfSJrPnxrHnbA1XwhxAW0MEqY3A4wCR6D2ZgWOVKs=
forge.capytal.company/loreddev/x v0.0.0-20250311222825-ceda7536f16e h1:6uOQ7bfkAeV7UNcT6qeWIEdo+w3l28FPUe/JiX8tTlQ=
forge.capytal.company/loreddev/x v0.0.0-20250311222825-ceda7536f16e/go.mod h1:Fc5nkrgOwJYdiwZK9SElFAB5xd7C/fh/mD+tBERfUPM=
github.com/yuin/goldmark v1.7.8 h1:iERMLn0/QJeHFhxSt3p6PeN9mGnvIKSpG9YYorDMnic=
github.com/yuin/goldmark v1.7.8/go.mod h1:uzxRWxtg69N339t3louHJ7+O03ezfj6PlliRlaOzY1E=
github.com/yuin/goldmark-meta v1.1.0 h1:pWw+JLHGZe8Rk0EGsMVssiNb/AaPMHfSRszZeUeiOUc=
github.com/yuin/goldmark-meta v1.1.0/go.mod h1:U4spWENafuA7Zyg+Lj5RqK/MF+ovMYtBvXi1lBb2VP0=
gopkg.in/check.v1 v0.0.0-20161208181325-20d25e280405 h1:yhCVgyC4o1eVCa2tZl7eS0r+SDo693bJlVdllGtEeKM=
gopkg.in/check.v1 v0.0.0-20161208181325-20d25e280405/go.mod h1:Co6ibVJAznAaIkqp8huTwlJQCZ016jof/cbN4VW5Yz0=
gopkg.in/yaml.v2 v2.3.0 h1:clyUAQHOM3G0M3f5vQj7LuJrETvjVot3Z5el9nffUtU=
gopkg.in/yaml.v2 v2.3.0/go.mod h1:hI93XBmqTisBFMUTm0b8Fm+jr3Dg1NNxqwp+5A1VGuI=
